{
    "_meta": {
        "hash": {
            "sha256": "78a2bbbd3fa0c4623698c7b3dde53388e5fef7eef3a117019466883eac01dcef"
        },
        "requires": {},
        "sources": [
            {
                "url": "https://pypi.python.org/simple",
                "verify_ssl": true
            }
        ]
    },
    "default": {
        "cachetools": {
            "version": "==2.0.0"
        },
        "click": {
            "version": "==6.7"
        },
        "colorama": {
            "version": "==0.3.9"
        },
        "crayons": {
            "version": "==0.1.2"
        },
        "dateparser": {
            "version": "==0.6.0"
        },
        "flask": {
            "version": "==0.12.2"
        },
        "flask-cache": {
            "version": "==0.13.1"
        },
        "flask-common": {
            "version": "==0.2.0"
        },
        "flask-graphql": {
            "version": "==1.4.1"
        },
        "google-auth": {
            "version": "==1.0.1"
        },
        "google-auth-httplib2": {
            "version": "==0.0.2"
        },
        "google-cloud-bigquery": {
            "version": "==0.24.0"
        },
        "google-cloud-core": {
            "version": "==0.24.1"
        },
        "googleapis-common-protos": {
            "version": "==1.5.2"
        },
        "graphene": {
            "version": "==1.4"
        },
        "graphql-core": {
            "version": "==1.1"
        },
        "graphql-relay": {
            "version": "==0.4.5"
        },
        "greenlet": {
            "version": "==0.4.12"
        },
        "gunicorn": {
            "version": "==19.7.1"
        },
        "httplib2": {
            "version": "==0.10.3"
        },
        "humanize": {
            "version": "==0.5.1"
        },
        "itsdangerous": {
            "version": "==0.24"
        },
        "jinja2": {
            "version": "==2.9.6"
        },
        "markupsafe": {
            "version": "==1.0"
        },
        "maya": {
            "version": "==0.3.2"
        },
        "meinheld": {
            "version": "==0.6.1"
        },
        "pendulum": {
            "version": "==1.2.1"
        },
        "promise": {
            "version": "==2.0.2"
        },
        "protobuf": {
            "version": "==3.3.0"
        },
        "pyasn1": {
            "version": "==0.2.3"
        },
        "pyasn1-modules": {
            "version": "==0.0.9"
        },
        "python-dateutil": {
            "version": "==2.6.0"
        },
        "pytz": {
            "version": "==2017.2"
        },
        "pytzdata": {
            "version": "==2017.2"
        },
        "regex": {
            "version": "==2017.05.26"
        },
        "rsa": {
            "version": "==3.4.2"
        },
        "ruamel.yaml": {
            "version": "==0.15.0"
        },
        "setuptools": {
            "version": "==36.0.1"
        },
        "six": {
            "version": "==1.10.0"
        },
        "typing": {
            "version": "==3.6.1"
        },
        "tzlocal": {
            "version": "==1.4"
        },
        "werkzeug": {
            "version": "==0.12.2"
        },
        "whitenoise": {
            "version": "==3.3.0"
        }
    },
    "develop": {}
}
